
Microsoft Visual Studio Solution File, Format Version 12.00
# Visual Studio Version 17
VisualStudioVersion = 17.14.36811.4 d17.14
MinimumVisualStudioVersion = 10.0.40219.1
Project("{FAE04EC0-301F-11D3-BF4B-00C04F79EFBC}") = "WikiApp", "WikiApp.csproj", "{7F8C5156-7661-471C-958C-C96F5204C4F8}"
EndProject
Global
	GlobalSection(SolutionConfigurationPlatforms) = preSolution
		Debug|Any CPU = Debug|Any CPU
		Release|Any CPU = Release|Any CPU
	EndGlobalSection
	GlobalSection(ProjectConfigurationPlatforms) = postSolution
		{7F8C5156-7661-471C-958C-C96F5204C4F8}.Debug|Any CPU.ActiveCfg = Debug|Any CPU
		{7F8C5156-7661-471C-958C-C96F5204C4F8}.Debug|Any CPU.Build.0 = Debug|Any CPU
		{7F8C5156-7661-471C-958C-C96F5204C4F8}.Release|Any CPU.ActiveCfg = Release|Any CPU
		{7F8C5156-7661-471C-958C-C96F5204C4F8}.Release|Any CPU.Build.0 = Release|Any CPU
	EndGlobalSection
	GlobalSection(SolutionProperties) = preSolution
		HideSolutionNode = FALSE
	EndGlobalSection
	GlobalSection(ExtensibilityGlobals) = postSolution
		SolutionGuid = {FEF9E324-E104-40CB-B9BE-D2BAA0BB8A42}
	EndGlobalSection
EndGlobal
